
Microsoft Visual Studio Solution File, Format Version 12.00
# Visual Studio Version 16
VisualStudioVersion = 16.0.30413.136
MinimumVisualStudioVersion = 10.0.40219.1
Project("{FAE04EC0-301F-11D3-BF4B-00C04F79EFBC}") = "VRBasicsQuiz2", "VRBasicsQuiz2\VRBasicsQuiz2.csproj", "{A3F8FEF2-289C-4086-8534-326FA349D3A9}"
EndProject
Global
	GlobalSection(SolutionConfigurationPlatforms) = preSolution
		Debug|Any CPU = Debug|Any CPU
		Release|Any CPU = Release|Any CPU
	EndGlobalSection
	GlobalSection(ProjectConfigurationPlatforms) = postSolution
		{A3F8FEF2-289C-4086-8534-326FA349D3A9}.Debug|Any CPU.ActiveCfg = Debug|Any CPU
		{A3F8FEF2-289C-4086-8534-326FA349D3A9}.Debug|Any CPU.Build.0 = Debug|Any CPU
		{A3F8FEF2-289C-4086-8534-326FA349D3A9}.Release|Any CPU.ActiveCfg = Release|Any CPU
		{A3F8FEF2-289C-4086-8534-326FA349D3A9}.Release|Any CPU.Build.0 = Release|Any CPU
	EndGlobalSection
	GlobalSection(SolutionProperties) = preSolution
		HideSolutionNode = FALSE
	EndGlobalSection
	GlobalSection(ExtensibilityGlobals) = postSolution
		SolutionGuid = {02D8C126-BADC-4BAE-9E5E-03A963230E74}
	EndGlobalSection
EndGlobal
