
Microsoft Visual Studio Solution File, Format Version 12.00
# Visual Studio 15
Project("{FAE04EC0-301F-11D3-BF4B-00C04F79EFBC}") = "Unity.ML-Agents", "Unity.ML-Agents.csproj", "{A5ADF20E-6650-681C-47D2-1729E4B01348}"
EndProject
Project("{FAE04EC0-301F-11D3-BF4B-00C04F79EFBC}") = "Unity.ML-Agents.CommunicatorObjects", "Unity.ML-Agents.CommunicatorObjects.csproj", "{ECBE5834-89D7-8044-5BF9-293AF6ADF611}"
EndProject
Project("{FAE04EC0-301F-11D3-BF4B-00C04F79EFBC}") = "Assembly-CSharp", "Assembly-CSharp.csproj", "{ACF905E2-232B-B304-1A38-3D583AB3CA3A}"
EndProject
Project("{FAE04EC0-301F-11D3-BF4B-00C04F79EFBC}") = "Unity.ML-Agents.Editor", "Unity.ML-Agents.Editor.csproj", "{87D7E237-2894-2696-7378-38A99A1808B4}"
EndProject
Global
	GlobalSection(SolutionConfigurationPlatforms) = preSolution
		Debug|Any CPU = Debug|Any CPU
		Release|Any CPU = Release|Any CPU
	EndGlobalSection
	GlobalSection(ProjectConfigurationPlatforms) = postSolution
		{A5ADF20E-6650-681C-47D2-1729E4B01348}.Debug|Any CPU.ActiveCfg = Debug|Any CPU
		{A5ADF20E-6650-681C-47D2-1729E4B01348}.Debug|Any CPU.Build.0 = Debug|Any CPU
		{A5ADF20E-6650-681C-47D2-1729E4B01348}.Release|Any CPU.ActiveCfg = Release|Any CPU
		{A5ADF20E-6650-681C-47D2-1729E4B01348}.Release|Any CPU.Build.0 = Release|Any CPU
		{ECBE5834-89D7-8044-5BF9-293AF6ADF611}.Debug|Any CPU.ActiveCfg = Debug|Any CPU
		{ECBE5834-89D7-8044-5BF9-293AF6ADF611}.Debug|Any CPU.Build.0 = Debug|Any CPU
		{ECBE5834-89D7-8044-5BF9-293AF6ADF611}.Release|Any CPU.ActiveCfg = Release|Any CPU
		{ECBE5834-89D7-8044-5BF9-293AF6ADF611}.Release|Any CPU.Build.0 = Release|Any CPU
		{ACF905E2-232B-B304-1A38-3D583AB3CA3A}.Debug|Any CPU.ActiveCfg = Debug|Any CPU
		{ACF905E2-232B-B304-1A38-3D583AB3CA3A}.Debug|Any CPU.Build.0 = Debug|Any CPU
		{ACF905E2-232B-B304-1A38-3D583AB3CA3A}.Release|Any CPU.ActiveCfg = Release|Any CPU
		{ACF905E2-232B-B304-1A38-3D583AB3CA3A}.Release|Any CPU.Build.0 = Release|Any CPU
		{87D7E237-2894-2696-7378-38A99A1808B4}.Debug|Any CPU.ActiveCfg = Debug|Any CPU
		{87D7E237-2894-2696-7378-38A99A1808B4}.Debug|Any CPU.Build.0 = Debug|Any CPU
		{87D7E237-2894-2696-7378-38A99A1808B4}.Release|Any CPU.ActiveCfg = Release|Any CPU
		{87D7E237-2894-2696-7378-38A99A1808B4}.Release|Any CPU.Build.0 = Release|Any CPU
	EndGlobalSection
	GlobalSection(SolutionProperties) = preSolution
		HideSolutionNode = FALSE
	EndGlobalSection
EndGlobal
